
Microsoft Visual Studio Solution File, Format Version 12.00
# Visual Studio Version 17
VisualStudioVersion = 17.14.36121.58 d17.14
MinimumVisualStudioVersion = 10.0.40219.1
Project("{FAE04EC0-301F-11D3-BF4B-00C04F79EFBC}") = "Api", "SeasonEmployees\Api.csproj", "{4E3C97A4-52D2-46B4-BE5A-A8669B992B62}"
EndProject
Project("{FAE04EC0-301F-11D3-BF4B-00C04F79EFBC}") = "Domain", "Domain\Domain.csproj", "{F2AFE7A8-BFB5-4920-9B82-147E8A9B7DA8}"
EndProject
Project("{FAE04EC0-301F-11D3-BF4B-00C04F79EFBC}") = "Application", "Application\Application.csproj", "{B5FA8532-A026-4AD7-8D0B-5D2705B77175}"
EndProject
Global
	GlobalSection(SolutionConfigurationPlatforms) = preSolution
		Debug|Any CPU = Debug|Any CPU
		Release|Any CPU = Release|Any CPU
	EndGlobalSection
	GlobalSection(ProjectConfigurationPlatforms) = postSolution
		{4E3C97A4-52D2-46B4-BE5A-A8669B992B62}.Debug|Any CPU.ActiveCfg = Debug|Any CPU
		{4E3C97A4-52D2-46B4-BE5A-A8669B992B62}.Debug|Any CPU.Build.0 = Debug|Any CPU
		{4E3C97A4-52D2-46B4-BE5A-A8669B992B62}.Release|Any CPU.ActiveCfg = Release|Any CPU
		{4E3C97A4-52D2-46B4-BE5A-A8669B992B62}.Release|Any CPU.Build.0 = Release|Any CPU
		{F2AFE7A8-BFB5-4920-9B82-147E8A9B7DA8}.Debug|Any CPU.ActiveCfg = Debug|Any CPU
		{F2AFE7A8-BFB5-4920-9B82-147E8A9B7DA8}.Debug|Any CPU.Build.0 = Debug|Any CPU
		{F2AFE7A8-BFB5-4920-9B82-147E8A9B7DA8}.Release|Any CPU.ActiveCfg = Release|Any CPU
		{F2AFE7A8-BFB5-4920-9B82-147E8A9B7DA8}.Release|Any CPU.Build.0 = Release|Any CPU
		{B5FA8532-A026-4AD7-8D0B-5D2705B77175}.Debug|Any CPU.ActiveCfg = Debug|Any CPU
		{B5FA8532-A026-4AD7-8D0B-5D2705B77175}.Debug|Any CPU.Build.0 = Debug|Any CPU
		{B5FA8532-A026-4AD7-8D0B-5D2705B77175}.Release|Any CPU.ActiveCfg = Release|Any CPU
		{B5FA8532-A026-4AD7-8D0B-5D2705B77175}.Release|Any CPU.Build.0 = Release|Any CPU
	EndGlobalSection
	GlobalSection(SolutionProperties) = preSolution
		HideSolutionNode = FALSE
	EndGlobalSection
	GlobalSection(ExtensibilityGlobals) = postSolution
		SolutionGuid = {43F1DF77-2157-45F6-A6E8-DEC4AA727F6F}
	EndGlobalSection
EndGlobal
